// !$*UTF8*$!
{
	archiveVersion = 1;
	classes = {
	};
	objectVersion = 51;
	objects = {

/* Begin PBXBuildFile section */
		1C7EE60B2709931400AACD3B /* AppDelegate.swift in Sources */ = {isa = PBXBuildFile; fileRef = 1C7EE60A2709931400AACD3B /* AppDelegate.swift */; };
		1C7EE60D2709931400AACD3B /* SceneDelegate.swift in Sources */ = {isa = PBXBuildFile; fileRef = 1C7EE60C2709931400AACD3B /* SceneDelegate.swift */; };
		1C7EE60F2709931400AACD3B /* ViewController.swift in Sources */ = {isa = PBXBuildFile; fileRef = 1C7EE60E2709931400AACD3B /* ViewController.swift */; };
		1C7EE6122709931400AACD3B /* Main.storyboard in Resources */ = {isa = PBXBuildFile; fileRef = 1C7EE6102709931400AACD3B /* Main.storyboard */; };
		1C7EE6142709931600AACD3B /* Assets.xcassets in Resources */ = {isa = PBXBuildFile; fileRef = 1C7EE6132709931600AACD3B /* Assets.xcassets */; };
		1C7EE6172709931600AACD3B /* LaunchScreen.storyboard in Resources */ = {isa = PBXBuildFile; fileRef = 1C7EE6152709931600AACD3B /* LaunchScreen.storyboard */; };
		1C7EE62027099BC700AACD3B /* R.generated.swift in Sources */ = {isa = PBXBuildFile; fileRef = 1C7EE61F27099BC700AACD3B /* R.generated.swift */; };
		1C7EE6252709A0DB00AACD3B /* Localizable.strings in Resources */ = {isa = PBXBuildFile; fileRef = 1C7EE6272709A0DB00AACD3B /* Localizable.strings */; };
		8690AE5FC1DCB95C4EBF1855 /* Pods_AutomatingAssets.framework in Frameworks */ = {isa = PBXBuildFile; fileRef = 837D0950A03C008F230FE814 /* Pods_AutomatingAssets.framework */; };
/* End PBXBuildFile section */

/* Begin PBXFileReference section */
		1C7EE6072709931400AACD3B /* AutomatingAssets.app */ = {isa = PBXFileReference; explicitFileType = wrapper.application; includeInIndex = 0; path = AutomatingAssets.app; sourceTree = BUILT_PRODUCTS_DIR; };
		1C7EE60A2709931400AACD3B /* AppDelegate.swift */ = {isa = PBXFileReference; lastKnownFileType = sourcecode.swift; path = AppDelegate.swift; sourceTree = "<group>"; };
		1C7EE60C2709931400AACD3B /* SceneDelegate.swift */ = {isa = PBXFileReference; lastKnownFileType = sourcecode.swift; path = SceneDelegate.swift; sourceTree = "<group>"; };
		1C7EE60E2709931400AACD3B /* ViewController.swift */ = {isa = PBXFileReference; lastKnownFileType = sourcecode.swift; path = ViewController.swift; sourceTree = "<group>"; };
		1C7EE6112709931400AACD3B /* Base */ = {isa = PBXFileReference; lastKnownFileType = file.storyboard; name = Base; path = Base.lproj/Main.storyboard; sourceTree = "<group>"; };
		1C7EE6132709931600AACD3B /* Assets.xcassets */ = {isa = PBXFileReference; lastKnownFileType = folder.assetcatalog; path = Assets.xcassets; sourceTree = "<group>"; };
		1C7EE6162709931600AACD3B /* Base */ = {isa = PBXFileReference; lastKnownFileType = file.storyboard; name = Base; path = Base.lproj/LaunchScreen.storyboard; sourceTree = "<group>"; };
		1C7EE6182709931600AACD3B /* Info.plist */ = {isa = PBXFileReference; lastKnownFileType = text.plist.xml; path = Info.plist; sourceTree = "<group>"; };
		1C7EE61F27099BC700AACD3B /* R.generated.swift */ = {isa = PBXFileReference; fileEncoding = 4; lastKnownFileType = sourcecode.swift; path = R.generated.swift; sourceTree = SOURCE_ROOT; };
		1C7EE6212709A07F00AACD3B /* ru */ = {isa = PBXFileReference; lastKnownFileType = text.plist.strings; name = ru; path = ru.lproj/Main.strings; sourceTree = "<group>"; };
		1C7EE6222709A07F00AACD3B /* ru */ = {isa = PBXFileReference; lastKnownFileType = text.plist.strings; name = ru; path = ru.lproj/LaunchScreen.strings; sourceTree = "<group>"; };
		1C7EE6262709A0DB00AACD3B /* en */ = {isa = PBXFileReference; lastKnownFileType = text.plist.strings; name = en; path = en.lproj/Localizable.strings; sourceTree = "<group>"; };
		1C7EE6282709A0E000AACD3B /* ru */ = {isa = PBXFileReference; lastKnownFileType = text.plist.strings; name = ru; path = ru.lproj/Localizable.strings; sourceTree = "<group>"; };
		6AB6EE644AC04F3ACC13BE11 /* Pods-AutomatingAssets.debug.xcconfig */ = {isa = PBXFileReference; includeInIndex = 1; lastKnownFileType = text.xcconfig; name = "Pods-AutomatingAssets.debug.xcconfig"; path = "Target Support Files/Pods-AutomatingAssets/Pods-AutomatingAssets.debug.xcconfig"; sourceTree = "<group>"; };
		837D0950A03C008F230FE814 /* Pods_AutomatingAssets.framework */ = {isa = PBXFileReference; explicitFileType = wrapper.framework; includeInIndex = 0; path = Pods_AutomatingAssets.framework; sourceTree = BUILT_PRODUCTS_DIR; };
		A7D59DB83FB0D0558D475EE3 /* Pods-AutomatingAssets.release.xcconfig */ = {isa = PBXFileReference; includeInIndex = 1; lastKnownFileType = text.xcconfig; name = "Pods-AutomatingAssets.release.xcconfig"; path = "Target Support Files/Pods-AutomatingAssets/Pods-AutomatingAssets.release.xcconfig"; sourceTree = "<group>"; };
/* End PBXFileReference section */

/* Begin PBXFrameworksBuildPhase section */
		1C7EE6042709931400AACD3B /* Frameworks */ = {
			isa = PBXFrameworksBuildPhase;
			buildActionMask = 2147483647;
			files = (
				8690AE5FC1DCB95C4EBF1855 /* Pods_AutomatingAssets.framework in Frameworks */,
			);
			runOnlyForDeploymentPostprocessing = 0;
		};
/* End PBXFrameworksBuildPhase section */

/* Begin PBXGroup section */
		1C7EE5FE2709931400AACD3B = {
			isa = PBXGroup;
			children = (
				1C7EE6092709931400AACD3B /* AutomatingAssets */,
				1C7EE6082709931400AACD3B /* Products */,
				C28045BD30D3445BF1F41A84 /* Pods */,
				C5FB2E54A63807407C73AC67 /* Frameworks */,
			);
			sourceTree = "<group>";
		};
		1C7EE6082709931400AACD3B /* Products */ = {
			isa = PBXGroup;
			children = (
				1C7EE6072709931400AACD3B /* AutomatingAssets.app */,
			);
			name = Products;
			sourceTree = "<group>";
		};
		1C7EE6092709931400AACD3B /* AutomatingAssets */ = {
			isa = PBXGroup;
			children = (
				1C7EE61F27099BC700AACD3B /* R.generated.swift */,
				1C7EE60A2709931400AACD3B /* AppDelegate.swift */,
				1C7EE60C2709931400AACD3B /* SceneDelegate.swift */,
				1C7EE60E2709931400AACD3B /* ViewController.swift */,
				1C7EE6102709931400AACD3B /* Main.storyboard */,
				1C7EE6132709931600AACD3B /* Assets.xcassets */,
				1C7EE6152709931600AACD3B /* LaunchScreen.storyboard */,
				1C7EE6182709931600AACD3B /* Info.plist */,
				1C7EE6272709A0DB00AACD3B /* Localizable.strings */,
			);
			path = AutomatingAssets;
			sourceTree = "<group>";
		};
		C28045BD30D3445BF1F41A84 /* Pods */ = {
			isa = PBXGroup;
			children = (
				6AB6EE644AC04F3ACC13BE11 /* Pods-AutomatingAssets.debug.xcconfig */,
				A7D59DB83FB0D0558D475EE3 /* Pods-AutomatingAssets.release.xcconfig */,
			);
			path = Pods;
			sourceTree = "<group>";
		};
		C5FB2E54A63807407C73AC67 /* Frameworks */ = {
			isa = PBXGroup;
			children = (
				837D0950A03C008F230FE814 /* Pods_AutomatingAssets.framework */,
			);
			name = Frameworks;
			sourceTree = "<group>";
		};
/* End PBXGroup section */

/* Begin PBXNativeTarget section */
		1C7EE6062709931400AACD3B /* AutomatingAssets */ = {
			isa = PBXNativeTarget;
			buildConfigurationList = 1C7EE61B2709931600AACD3B /* Build configuration list for PBXNativeTarget "AutomatingAssets" */;
			buildPhases = (
				443FE3023C6997A628068234 /* [CP] Check Pods Manifest.lock */,
				1C7EE61E2709987D00AACD3B /* ShellScript */,
				1C7EE6032709931400AACD3B /* Sources */,
				1C7EE6042709931400AACD3B /* Frameworks */,
				1C7EE6052709931400AACD3B /* Resources */,
				D1EB8450BDDB03C334A47254 /* [CP] Embed Pods Frameworks */,
			);
			buildRules = (
			);
			dependencies = (
			);
			name = AutomatingAssets;
			productName = AutomatingAssets;
			productReference = 1C7EE6072709931400AACD3B /* AutomatingAssets.app */;
			productType = "com.apple.product-type.application";
		};
/* End PBXNativeTarget section */

/* Begin PBXProject section */
		1C7EE5FF2709931400AACD3B /* Project object */ = {
			isa = PBXProject;
			attributes = {
				LastSwiftUpdateCheck = 1250;
				LastUpgradeCheck = 1250;
				TargetAttributes = {
					1C7EE6062709931400AACD3B = {
						CreatedOnToolsVersion = 12.5;
					};
				};
			};
			buildConfigurationList = 1C7EE6022709931400AACD3B /* Build configuration list for PBXProject "AutomatingAssets" */;
			compatibilityVersion = "Xcode 9.3";
			developmentRegion = en;
			hasScannedForEncodings = 0;
			knownRegions = (
				en,
				Base,
				ru,
			);
			mainGroup = 1C7EE5FE2709931400AACD3B;
			productRefGroup = 1C7EE6082709931400AACD3B /* Products */;
			projectDirPath = "";
			projectRoot = "";
			targets = (
				1C7EE6062709931400AACD3B /* AutomatingAssets */,
			);
		};
/* End PBXProject section */

/* Begin PBXResourcesBuildPhase section */
		1C7EE6052709931400AACD3B /* Resources */ = {
			isa = PBXResourcesBuildPhase;
			buildActionMask = 2147483647;
			files = (
				1C7EE6172709931600AACD3B /* LaunchScreen.storyboard in Resources */,
				1C7EE6252709A0DB00AACD3B /* Localizable.strings in Resources */,
				1C7EE6142709931600AACD3B /* Assets.xcassets in Resources */,
				1C7EE6122709931400AACD3B /* Main.storyboard in Resources */,
			);
			runOnlyForDeploymentPostprocessing = 0;
		};
/* End PBXResourcesBuildPhase section */

/* Begin PBXShellScriptBuildPhase section */
		1C7EE61E2709987D00AACD3B /* ShellScript */ = {
			isa = PBXShellScriptBuildPhase;
			buildActionMask = 2147483647;
			files = (
			);
			inputFileListPaths = (
			);
			inputPaths = (
				"$TEMP_DIR/rswift-lastrun",
			);
			outputFileListPaths = (
			);
			outputPaths = (
				$SRCROOT/R.generated.swift,
			);
			runOnlyForDeploymentPostprocessing = 0;
			shellPath = /bin/sh;
			shellScript = "\"$PODS_ROOT/R.swift/rswift\" generate \"$SRCROOT/R.generated.swift\"\n";
		};
		443FE3023C6997A628068234 /* [CP] Check Pods Manifest.lock */ = {
			isa = PBXShellScriptBuildPhase;
			buildActionMask = 2147483647;
			files = (
			);
			inputFileListPaths = (
			);
			inputPaths = (
				"${PODS_PODFILE_DIR_PATH}/Podfile.lock",
				"${PODS_ROOT}/Manifest.lock",
			);
			name = "[CP] Check Pods Manifest.lock";
			outputFileListPaths = (
			);
			outputPaths = (
				"$(DERIVED_FILE_DIR)/Pods-AutomatingAssets-checkManifestLockResult.txt",
			);
			runOnlyForDeploymentPostprocessing = 0;
			shellPath = /bin/sh;
			shellScript = "diff \"${PODS_PODFILE_DIR_PATH}/Podfile.lock\" \"${PODS_ROOT}/Manifest.lock\" > /dev/null\nif [ $? != 0 ] ; then\n    # print error to STDERR\n    echo \"error: The sandbox is not in sync with the Podfile.lock. Run 'pod install' or update your CocoaPods installation.\" >&2\n    exit 1\nfi\n# This output is used by Xcode 'outputs' to avoid re-running this script phase.\necho \"SUCCESS\" > \"${SCRIPT_OUTPUT_FILE_0}\"\n";
			showEnvVarsInLog = 0;
		};
		D1EB8450BDDB03C334A47254 /* [CP] Embed Pods Frameworks */ = {
			isa = PBXShellScriptBuildPhase;
			buildActionMask = 2147483647;
			files = (
			);
			inputFileListPaths = (
				"${PODS_ROOT}/Target Support Files/Pods-AutomatingAssets/Pods-AutomatingAssets-frameworks-${CONFIGURATION}-input-files.xcfilelist",
			);
			name = "[CP] Embed Pods Frameworks";
			outputFileListPaths = (
				"${PODS_ROOT}/Target Support Files/Pods-AutomatingAssets/Pods-AutomatingAssets-frameworks-${CONFIGURATION}-output-files.xcfilelist",
			);
			runOnlyForDeploymentPostprocessing = 0;
			shellPath = /bin/sh;
			shellScript = "\"${PODS_ROOT}/Target Support Files/Pods-AutomatingAssets/Pods-AutomatingAssets-frameworks.sh\"\n";
			showEnvVarsInLog = 0;
		};
/* End PBXShellScriptBuildPhase section */

/* Begin PBXSourcesBuildPhase section */
		1C7EE6032709931400AACD3B /* Sources */ = {
			isa = PBXSourcesBuildPhase;
			buildActionMask = 2147483647;
			files = (
				1C7EE60F2709931400AACD3B /* ViewController.swift in Sources */,
				1C7EE60B2709931400AACD3B /* AppDelegate.swift in Sources */,
				1C7EE60D2709931400AACD3B /* SceneDelegate.swift in Sources */,
				1C7EE62027099BC700AACD3B /* R.generated.swift in Sources */,
			);
			runOnlyForDeploymentPostprocessing = 0;
		};
/* End PBXSourcesBuildPhase section */

/* Begin PBXVariantGroup section */
		1C7EE6102709931400AACD3B /* Main.storyboard */ = {
			isa = PBXVariantGroup;
			children = (
				1C7EE6112709931400AACD3B /* Base */,
				1C7EE6212709A07F00AACD3B /* ru */,
			);
			name = Main.storyboard;
			sourceTree = "<group>";
		};
		1C7EE6152709931600AACD3B /* LaunchScreen.storyboard */ = {
			isa = PBXVariantGroup;
			children = (
				1C7EE6162709931600AACD3B /* Base */,
				1C7EE6222709A07F00AACD3B /* ru */,
			);
			name = LaunchScreen.storyboard;
			sourceTree = "<group>";
		};
		1C7EE6272709A0DB00AACD3B /* Localizable.strings */ = {
			isa = PBXVariantGroup;
			children = (
				1C7EE6262709A0DB00AACD3B /* en */,
				1C7EE6282709A0E000AACD3B /* ru */,
			);
			name = Localizable.strings;
			sourceTree = "<group>";
		};
/* End PBXVariantGroup section */

/* Begin XCBuildConfiguration section */
		1C7EE6192709931600AACD3B /* Debug */ = {
			isa = XCBuildConfiguration;
			buildSettings = {
				ALWAYS_SEARCH_USER_PATHS = NO;
				CLANG_ANALYZER_LOCALIZABILITY_NONLOCALIZED = YES;
				CLANG_ANALYZER_NONNULL = YES;
				CLANG_ANALYZER_NUMBER_OBJECT_CONVERSION = YES_AGGRESSIVE;
				CLANG_CXX_LANGUAGE_STANDARD = "gnu++14";
				CLANG_CXX_LIBRARY = "libc++";
				CLANG_ENABLE_MODULES = YES;
				CLANG_ENABLE_OBJC_ARC = YES;
				CLANG_ENABLE_OBJC_WEAK = YES;
				CLANG_WARN_BLOCK_CAPTURE_AUTORELEASING = YES;
				CLANG_WARN_BOOL_CONVERSION = YES;
				CLANG_WARN_COMMA = YES;
				CLANG_WARN_CONSTANT_CONVERSION = YES;
				CLANG_WARN_DEPRECATED_OBJC_IMPLEMENTATIONS = YES;
				CLANG_WARN_DIRECT_OBJC_ISA_USAGE = YES_ERROR;
				CLANG_WARN_DOCUMENTATION_COMMENTS = YES;
				CLANG_WARN_EMPTY_BODY = YES;
				CLANG_WARN_ENUM_CONVERSION = YES;
				CLANG_WARN_INFINITE_RECURSION = YES;
				CLANG_WARN_INT_CONVERSION = YES;
				CLANG_WARN_NON_LITERAL_NULL_CONVERSION = YES;
				CLANG_WARN_OBJC_IMPLICIT_RETAIN_SELF = YES;
				CLANG_WARN_OBJC_LITERAL_CONVERSION = YES;
				CLANG_WARN_OBJC_ROOT_CLASS = YES_ERROR;
				CLANG_WARN_QUOTED_INCLUDE_IN_FRAMEWORK_HEADER = YES;
				CLANG_WARN_RANGE_LOOP_ANALYSIS = YES;
				CLANG_WARN_STRICT_PROTOTYPES = YES;
				CLANG_WARN_SUSPICIOUS_MOVE = YES;
				CLANG_WARN_UNGUARDED_AVAILABILITY = YES_AGGRESSIVE;
				CLANG_WARN_UNREACHABLE_CODE = YES;
				CLANG_WARN__DUPLICATE_METHOD_MATCH = YES;
				COPY_PHASE_STRIP = NO;
				DEBUG_INFORMATION_FORMAT = dwarf;
				ENABLE_STRICT_OBJC_MSGSEND = YES;
				ENABLE_TESTABILITY = YES;
				GCC_C_LANGUAGE_STANDARD = gnu11;
				GCC_DYNAMIC_NO_PIC = NO;
				GCC_NO_COMMON_BLOCKS = YES;
				GCC_OPTIMIZATION_LEVEL = 0;
				GCC_PREPROCESSOR_DEFINITIONS = (
					"DEBUG=1",
					"$(inherited)",
				);
				GCC_WARN_64_TO_32_BIT_CONVERSION = YES;
				GCC_WARN_ABOUT_RETURN_TYPE = YES_ERROR;
				GCC_WARN_UNDECLARED_SELECTOR = YES;
				GCC_WARN_UNINITIALIZED_AUTOS = YES_AGGRESSIVE;
				GCC_WARN_UNUSED_FUNCTION = YES;
				GCC_WARN_UNUSED_VARIABLE = YES;
				IPHONEOS_DEPLOYMENT_TARGET = 14.5;
				MTL_ENABLE_DEBUG_INFO = INCLUDE_SOURCE;
				MTL_FAST_MATH = YES;
				ONLY_ACTIVE_ARCH = YES;
				SDKROOT = iphoneos;
				SWIFT_ACTIVE_COMPILATION_CONDITIONS = DEBUG;
				SWIFT_OPTIMIZATION_LEVEL = "-Onone";
			};
			name = Debug;
		};
		1C7EE61A2709931600AACD3B /* Release */ = {
			isa = XCBuildConfiguration;
			buildSettings = {
				ALWAYS_SEARCH_USER_PATHS = NO;
				CLANG_ANALYZER_LOCALIZABILITY_NONLOCALIZED = YES;
				CLANG_ANALYZER_NONNULL = YES;
				CLANG_ANALYZER_NUMBER_OBJECT_CONVERSION = YES_AGGRESSIVE;
				CLANG_CXX_LANGUAGE_STANDARD = "gnu++14";
				CLANG_CXX_LIBRARY = "libc++";
				CLANG_ENABLE_MODULES = YES;
				CLANG_ENABLE_OBJC_ARC = YES;
				CLANG_ENABLE_OBJC_WEAK = YES;
				CLANG_WARN_BLOCK_CAPTURE_AUTORELEASING = YES;
				CLANG_WARN_BOOL_CONVERSION = YES;
				CLANG_WARN_COMMA = YES;
				CLANG_WARN_CONSTANT_CONVERSION = YES;
				CLANG_WARN_DEPRECATED_OBJC_IMPLEMENTATIONS = YES;
				CLANG_WARN_DIRECT_OBJC_ISA_USAGE = YES_ERROR;
				CLANG_WARN_DOCUMENTATION_COMMENTS = YES;
				CLANG_WARN_EMPTY_BODY = YES;
				CLANG_WARN_ENUM_CONVERSION = YES;
				CLANG_WARN_INFINITE_RECURSION = YES;
				CLANG_WARN_INT_CONVERSION = YES;
				CLANG_WARN_NON_LITERAL_NULL_CONVERSION = YES;
				CLANG_WARN_OBJC_IMPLICIT_RETAIN_SELF = YES;
				CLANG_WARN_OBJC_LITERAL_CONVERSION = YES;
				CLANG_WARN_OBJC_ROOT_CLASS = YES_ERROR;
				CLANG_WARN_QUOTED_INCLUDE_IN_FRAMEWORK_HEADER = YES;
				CLANG_WARN_RANGE_LOOP_ANALYSIS = YES;
				CLANG_WARN_STRICT_PROTOTYPES = YES;
				CLANG_WARN_SUSPICIOUS_MOVE = YES;
				CLANG_WARN_UNGUARDED_AVAILABILITY = YES_AGGRESSIVE;
				CLANG_WARN_UNREACHABLE_CODE = YES;
				CLANG_WARN__DUPLICATE_METHOD_MATCH = YES;
				COPY_PHASE_STRIP = NO;
				DEBUG_INFORMATION_FORMAT = "dwarf-with-dsym";
				ENABLE_NS_ASSERTIONS = NO;
				ENABLE_STRICT_OBJC_MSGSEND = YES;
				GCC_C_LANGUAGE_STANDARD = gnu11;
				GCC_NO_COMMON_BLOCKS = YES;
				GCC_WARN_64_TO_32_BIT_CONVERSION = YES;
				GCC_WARN_ABOUT_RETURN_TYPE = YES_ERROR;
				GCC_WARN_UNDECLARED_SELECTOR = YES;
				GCC_WARN_UNINITIALIZED_AUTOS = YES_AGGRESSIVE;
				GCC_WARN_UNUSED_FUNCTION = YES;
				GCC_WARN_UNUSED_VARIABLE = YES;
				IPHONEOS_DEPLOYMENT_TARGET = 14.5;
				MTL_ENABLE_DEBUG_INFO = NO;
				MTL_FAST_MATH = YES;
				SDKROOT = iphoneos;
				SWIFT_COMPILATION_MODE = wholemodule;
				SWIFT_OPTIMIZATION_LEVEL = "-O";
				VALIDATE_PRODUCT = YES;
			};
			name = Release;
		};
		1C7EE61C2709931600AACD3B /* Debug */ = {
			isa = XCBuildConfiguration;
			baseConfigurationReference = 6AB6EE644AC04F3ACC13BE11 /* Pods-AutomatingAssets.debug.xcconfig */;
			buildSettings = {
				ASSETCATALOG_COMPILER_APPICON_NAME = AppIcon;
				ASSETCATALOG_COMPILER_GLOBAL_ACCENT_COLOR_NAME = AccentColor;
				CODE_SIGN_STYLE = Automatic;
				DEVELOPMENT_TEAM = MJWVGRX9VD;
				INFOPLIST_FILE = AutomatingAssets/Info.plist;
				LD_RUNPATH_SEARCH_PATHS = (
					"$(inherited)",
					"@executable_path/Frameworks",
				);
				PRODUCT_BUNDLE_IDENTIFIER = com.zafar.AutomatingAssets;
				PRODUCT_NAME = "$(TARGET_NAME)";
				SWIFT_VERSION = 5.0;
				TARGETED_DEVICE_FAMILY = "1,2";
			};
			name = Debug;
		};
		1C7EE61D2709931600AACD3B /* Release */ = {
			isa = XCBuildConfiguration;
			baseConfigurationReference = A7D59DB83FB0D0558D475EE3 /* Pods-AutomatingAssets.release.xcconfig */;
			buildSettings = {
				ASSETCATALOG_COMPILER_APPICON_NAME = AppIcon;
				ASSETCATALOG_COMPILER_GLOBAL_ACCENT_COLOR_NAME = AccentColor;
				CODE_SIGN_STYLE = Automatic;
				DEVELOPMENT_TEAM = MJWVGRX9VD;
				INFOPLIST_FILE = AutomatingAssets/Info.plist;
				LD_RUNPATH_SEARCH_PATHS = (
					"$(inherited)",
					"@executable_path/Frameworks",
				);
				PRODUCT_BUNDLE_IDENTIFIER = com.zafar.AutomatingAssets;
				PRODUCT_NAME = "$(TARGET_NAME)";
				SWIFT_VERSION = 5.0;
				TARGETED_DEVICE_FAMILY = "1,2";
			};
			name = Release;
		};
/* End XCBuildConfiguration section */

/* Begin XCConfigurationList section */
		1C7EE6022709931400AACD3B /* Build configuration list for PBXProject "AutomatingAssets" */ = {
			isa = XCConfigurationList;
			buildConfigurations = (
				1C7EE6192709931600AACD3B /* Debug */,
				1C7EE61A2709931600AACD3B /* Release */,
			);
			defaultConfigurationIsVisible = 0;
			defaultConfigurationName = Release;
		};
		1C7EE61B2709931600AACD3B /* Build configuration list for PBXNativeTarget "AutomatingAssets" */ = {
			isa = XCConfigurationList;
			buildConfigurations = (
				1C7EE61C2709931600AACD3B /* Debug */,
				1C7EE61D2709931600AACD3B /* Release */,
			);
			defaultConfigurationIsVisible = 0;
			defaultConfigurationName = Release;
		};
/* End XCConfigurationList section */
	};
	rootObject = 1C7EE5FF2709931400AACD3B /* Project object */;
}
